
Microsoft Visual Studio Solution File, Format Version 12.00
# Visual Studio Version 17
VisualStudioVersion = 17.1.32421.90
MinimumVisualStudioVersion = 10.0.40219.1
Project("{FAE04EC0-301F-11D3-BF4B-00C04F79EFBC}") = "WebApplication1", "WebApplication1\WebApplication1.csproj", "{ABDA1B1E-6E12-45C3-9073-90E6323CBD15}"
EndProject
Global
	GlobalSection(SolutionConfigurationPlatforms) = preSolution
		Debug|Any CPU = Debug|Any CPU
		Release|Any CPU = Release|Any CPU
	EndGlobalSection
	GlobalSection(ProjectConfigurationPlatforms) = postSolution
		{ABDA1B1E-6E12-45C3-9073-90E6323CBD15}.Debug|Any CPU.ActiveCfg = Debug|Any CPU
		{ABDA1B1E-6E12-45C3-9073-90E6323CBD15}.Debug|Any CPU.Build.0 = Debug|Any CPU
		{ABDA1B1E-6E12-45C3-9073-90E6323CBD15}.Release|Any CPU.ActiveCfg = Release|Any CPU
		{ABDA1B1E-6E12-45C3-9073-90E6323CBD15}.Release|Any CPU.Build.0 = Release|Any CPU
	EndGlobalSection
	GlobalSection(SolutionProperties) = preSolution
		HideSolutionNode = FALSE
	EndGlobalSection
	GlobalSection(ExtensibilityGlobals) = postSolution
		SolutionGuid = {A71C37DC-92F7-4E57-8F7F-780B91DB7938}
	EndGlobalSection
EndGlobal
